
Microsoft Visual Studio Solution File, Format Version 12.00
Project("{2150E333-8FDC-42A3-9474-1A3956D46DE8}") = "AutoRunner", "AutoRunner", "{902D9956-EFAC-4D13-A680-632709FBF16D}"
EndProject
Project("{2150E333-8FDC-42A3-9474-1A3956D46DE8}") = "Manager", "Manager", "{381A2A61-1C40-42AA-BCEE-F32283F2C4FB}"
EndProject
Project("{FAE04EC0-301F-11D3-BF4B-00C04F79EFBC}") = "AutoRunner.Core", "src\AutoRunner\AutoRunner.Core\AutoRunner.Core.csproj", "{584A398E-3A57-4BEB-BA86-E1F8100C0894}"
EndProject
Project("{FAE04EC0-301F-11D3-BF4B-00C04F79EFBC}") = "AutoRunner.CLI", "src\AutoRunner\AutoRunner.CLI\AutoRunner.CLI.csproj", "{871BCA9D-EAE8-45D3-9542-FC950835D9AB}"
EndProject
Project("{2150E333-8FDC-42A3-9474-1A3956D46DE8}") = "Tests", "Tests", "{75344813-E0E9-4E68-8DE1-9924480935AC}"
EndProject
Project("{FAE04EC0-301F-11D3-BF4B-00C04F79EFBC}") = "AutoRunner.Core.Tests", "tests\AutoRunner\AutoRunner.Core.Tests\AutoRunner.Core.Tests.csproj", "{B7FC08F8-6F04-485B-8159-174234EFA719}"
EndProject
Global
	GlobalSection(SolutionConfigurationPlatforms) = preSolution
		Debug|Any CPU = Debug|Any CPU
		Release|Any CPU = Release|Any CPU
	EndGlobalSection
	GlobalSection(ProjectConfigurationPlatforms) = postSolution
		{584A398E-3A57-4BEB-BA86-E1F8100C0894}.Debug|Any CPU.ActiveCfg = Debug|Any CPU
		{584A398E-3A57-4BEB-BA86-E1F8100C0894}.Debug|Any CPU.Build.0 = Debug|Any CPU
		{584A398E-3A57-4BEB-BA86-E1F8100C0894}.Release|Any CPU.ActiveCfg = Release|Any CPU
		{584A398E-3A57-4BEB-BA86-E1F8100C0894}.Release|Any CPU.Build.0 = Release|Any CPU
		{871BCA9D-EAE8-45D3-9542-FC950835D9AB}.Debug|Any CPU.ActiveCfg = Debug|Any CPU
		{871BCA9D-EAE8-45D3-9542-FC950835D9AB}.Debug|Any CPU.Build.0 = Debug|Any CPU
		{871BCA9D-EAE8-45D3-9542-FC950835D9AB}.Release|Any CPU.ActiveCfg = Release|Any CPU
		{871BCA9D-EAE8-45D3-9542-FC950835D9AB}.Release|Any CPU.Build.0 = Release|Any CPU
		{B7FC08F8-6F04-485B-8159-174234EFA719}.Debug|Any CPU.ActiveCfg = Debug|Any CPU
		{B7FC08F8-6F04-485B-8159-174234EFA719}.Debug|Any CPU.Build.0 = Debug|Any CPU
		{B7FC08F8-6F04-485B-8159-174234EFA719}.Release|Any CPU.ActiveCfg = Release|Any CPU
		{B7FC08F8-6F04-485B-8159-174234EFA719}.Release|Any CPU.Build.0 = Release|Any CPU
	EndGlobalSection
	GlobalSection(NestedProjects) = preSolution
		{584A398E-3A57-4BEB-BA86-E1F8100C0894} = {902D9956-EFAC-4D13-A680-632709FBF16D}
		{871BCA9D-EAE8-45D3-9542-FC950835D9AB} = {902D9956-EFAC-4D13-A680-632709FBF16D}
		{B7FC08F8-6F04-485B-8159-174234EFA719} = {75344813-E0E9-4E68-8DE1-9924480935AC}
	EndGlobalSection
EndGlobal
